
Microsoft Visual Studio Solution File, Format Version 12.00
# Visual Studio 2013
VisualStudioVersion = 12.0.21005.1
MinimumVisualStudioVersion = 10.0.40219.1
Project("{FAE04EC0-301F-11D3-BF4B-00C04F79EFBC}") = "1.School.Tests", "1.School.Tests\1.School.Tests.csproj", "{C5D7BCA9-7EDE-4EFC-A3AC-65078BC856DE}"
EndProject
Project("{FAE04EC0-301F-11D3-BF4B-00C04F79EFBC}") = "1.School", "1.School\1.School.csproj", "{52301F8B-B4BC-4529-A953-1C9C712A6993}"
EndProject
Global
	GlobalSection(SolutionConfigurationPlatforms) = preSolution
		Debug|Any CPU = Debug|Any CPU
		Release|Any CPU = Release|Any CPU
	EndGlobalSection
	GlobalSection(ProjectConfigurationPlatforms) = postSolution
		{C5D7BCA9-7EDE-4EFC-A3AC-65078BC856DE}.Debug|Any CPU.ActiveCfg = Debug|Any CPU
		{C5D7BCA9-7EDE-4EFC-A3AC-65078BC856DE}.Debug|Any CPU.Build.0 = Debug|Any CPU
		{C5D7BCA9-7EDE-4EFC-A3AC-65078BC856DE}.Release|Any CPU.ActiveCfg = Release|Any CPU
		{C5D7BCA9-7EDE-4EFC-A3AC-65078BC856DE}.Release|Any CPU.Build.0 = Release|Any CPU
		{52301F8B-B4BC-4529-A953-1C9C712A6993}.Debug|Any CPU.ActiveCfg = Debug|Any CPU
		{52301F8B-B4BC-4529-A953-1C9C712A6993}.Debug|Any CPU.Build.0 = Debug|Any CPU
		{52301F8B-B4BC-4529-A953-1C9C712A6993}.Release|Any CPU.ActiveCfg = Release|Any CPU
		{52301F8B-B4BC-4529-A953-1C9C712A6993}.Release|Any CPU.Build.0 = Release|Any CPU
	EndGlobalSection
	GlobalSection(SolutionProperties) = preSolution
		HideSolutionNode = FALSE
	EndGlobalSection
EndGlobal
