
Microsoft Visual Studio Solution File, Format Version 12.00
# Visual Studio 2013
VisualStudioVersion = 12.0.21005.1
MinimumVisualStudioVersion = 10.0.40219.1
Project("{FAE04EC0-301F-11D3-BF4B-00C04F79EFBC}") = "1.ClassChef", "ClassChef\1.ClassChef.csproj", "{4300E65D-693E-456A-B443-DBA1FB877A16}"
EndProject
Project("{FAE04EC0-301F-11D3-BF4B-00C04F79EFBC}") = "2.RefactorTheFollowingIfStatements", "RefactorTheFollowingIfStatements\2.RefactorTheFollowingIfStatements.csproj", "{732C7DA0-0F1D-4326-B8A8-715D45A16F27}"
EndProject
Project("{FAE04EC0-301F-11D3-BF4B-00C04F79EFBC}") = "3.RefactorTheFollowingLoop", "RefactorTheFollowingLoop\3.RefactorTheFollowingLoop.csproj", "{128C5937-04B4-4E6F-8058-B5A0BE4ED84A}"
EndProject
Global
	GlobalSection(SolutionConfigurationPlatforms) = preSolution
		Debug|Any CPU = Debug|Any CPU
		Release|Any CPU = Release|Any CPU
	EndGlobalSection
	GlobalSection(ProjectConfigurationPlatforms) = postSolution
		{4300E65D-693E-456A-B443-DBA1FB877A16}.Debug|Any CPU.ActiveCfg = Debug|Any CPU
		{4300E65D-693E-456A-B443-DBA1FB877A16}.Debug|Any CPU.Build.0 = Debug|Any CPU
		{4300E65D-693E-456A-B443-DBA1FB877A16}.Release|Any CPU.ActiveCfg = Release|Any CPU
		{4300E65D-693E-456A-B443-DBA1FB877A16}.Release|Any CPU.Build.0 = Release|Any CPU
		{732C7DA0-0F1D-4326-B8A8-715D45A16F27}.Debug|Any CPU.ActiveCfg = Debug|Any CPU
		{732C7DA0-0F1D-4326-B8A8-715D45A16F27}.Debug|Any CPU.Build.0 = Debug|Any CPU
		{732C7DA0-0F1D-4326-B8A8-715D45A16F27}.Release|Any CPU.ActiveCfg = Release|Any CPU
		{732C7DA0-0F1D-4326-B8A8-715D45A16F27}.Release|Any CPU.Build.0 = Release|Any CPU
		{128C5937-04B4-4E6F-8058-B5A0BE4ED84A}.Debug|Any CPU.ActiveCfg = Debug|Any CPU
		{128C5937-04B4-4E6F-8058-B5A0BE4ED84A}.Debug|Any CPU.Build.0 = Debug|Any CPU
		{128C5937-04B4-4E6F-8058-B5A0BE4ED84A}.Release|Any CPU.ActiveCfg = Release|Any CPU
		{128C5937-04B4-4E6F-8058-B5A0BE4ED84A}.Release|Any CPU.Build.0 = Release|Any CPU
	EndGlobalSection
	GlobalSection(SolutionProperties) = preSolution
		HideSolutionNode = FALSE
	EndGlobalSection
EndGlobal
